
Microsoft Visual Studio Solution File, Format Version 12.00
# Visual Studio 14
VisualStudioVersion = 14.0.23107.0
MinimumVisualStudioVersion = 10.0.40219.1
Project("{FAE04EC0-301F-11D3-BF4B-00C04F79EFBC}") = "SOA_Architecture", "SOA_Architecture\SOA_Architecture.csproj", "{43B8BB42-3B2B-469D-AFB1-59F67933F3C3}"
EndProject
Project("{FAE04EC0-301F-11D3-BF4B-00C04F79EFBC}") = "Queue", "Queue\Queue.csproj", "{088DFC0B-1B9C-47D2-B2AB-5FEAEFBF89B6}"
EndProject
Project("{FAE04EC0-301F-11D3-BF4B-00C04F79EFBC}") = "Receiver", "Receiver\Receiver.csproj", "{96166F35-1716-46AF-B72F-E36FAA506A10}"
EndProject
Global
	GlobalSection(SolutionConfigurationPlatforms) = preSolution
		Debug|Any CPU = Debug|Any CPU
		Release|Any CPU = Release|Any CPU
	EndGlobalSection
	GlobalSection(ProjectConfigurationPlatforms) = postSolution
		{43B8BB42-3B2B-469D-AFB1-59F67933F3C3}.Debug|Any CPU.ActiveCfg = Debug|Any CPU
		{43B8BB42-3B2B-469D-AFB1-59F67933F3C3}.Debug|Any CPU.Build.0 = Debug|Any CPU
		{43B8BB42-3B2B-469D-AFB1-59F67933F3C3}.Release|Any CPU.ActiveCfg = Release|Any CPU
		{43B8BB42-3B2B-469D-AFB1-59F67933F3C3}.Release|Any CPU.Build.0 = Release|Any CPU
		{088DFC0B-1B9C-47D2-B2AB-5FEAEFBF89B6}.Debug|Any CPU.ActiveCfg = Debug|Any CPU
		{088DFC0B-1B9C-47D2-B2AB-5FEAEFBF89B6}.Debug|Any CPU.Build.0 = Debug|Any CPU
		{088DFC0B-1B9C-47D2-B2AB-5FEAEFBF89B6}.Release|Any CPU.ActiveCfg = Release|Any CPU
		{088DFC0B-1B9C-47D2-B2AB-5FEAEFBF89B6}.Release|Any CPU.Build.0 = Release|Any CPU
		{96166F35-1716-46AF-B72F-E36FAA506A10}.Debug|Any CPU.ActiveCfg = Debug|Any CPU
		{96166F35-1716-46AF-B72F-E36FAA506A10}.Debug|Any CPU.Build.0 = Debug|Any CPU
		{96166F35-1716-46AF-B72F-E36FAA506A10}.Release|Any CPU.ActiveCfg = Release|Any CPU
		{96166F35-1716-46AF-B72F-E36FAA506A10}.Release|Any CPU.Build.0 = Release|Any CPU
	EndGlobalSection
	GlobalSection(SolutionProperties) = preSolution
		HideSolutionNode = FALSE
	EndGlobalSection
EndGlobal
